
Microsoft Visual Studio Solution File, Format Version 12.00
# Visual Studio Version 16
VisualStudioVersion = 16.0.32002.261
MinimumVisualStudioVersion = 10.0.40219.1
Project("{9A19103F-16F7-4668-BE54-9A1E7A4F7556}") = "LoggerService", "LoggerService.csproj", "{7BBA8604-D84E-477A-AD0C-E62F792617C0}"
EndProject
Global
	GlobalSection(SolutionConfigurationPlatforms) = preSolution
		Debug|Any CPU = Debug|Any CPU
		Release|Any CPU = Release|Any CPU
	EndGlobalSection
	GlobalSection(ProjectConfigurationPlatforms) = postSolution
		{7BBA8604-D84E-477A-AD0C-E62F792617C0}.Debug|Any CPU.ActiveCfg = Debug|Any CPU
		{7BBA8604-D84E-477A-AD0C-E62F792617C0}.Debug|Any CPU.Build.0 = Debug|Any CPU
		{7BBA8604-D84E-477A-AD0C-E62F792617C0}.Release|Any CPU.ActiveCfg = Release|Any CPU
		{7BBA8604-D84E-477A-AD0C-E62F792617C0}.Release|Any CPU.Build.0 = Release|Any CPU
	EndGlobalSection
	GlobalSection(SolutionProperties) = preSolution
		HideSolutionNode = FALSE
	EndGlobalSection
	GlobalSection(ExtensibilityGlobals) = postSolution
		SolutionGuid = {51A5B93A-31CB-4E3A-9AF6-F64226C20FB3}
	EndGlobalSection
EndGlobal
